
Microsoft Visual Studio Solution File, Format Version 12.00
# Visual Studio Version 16
VisualStudioVersion = 16.0.29613.14
MinimumVisualStudioVersion = 10.0.40219.1
Project("{8BC9CEB8-8B4A-11D0-8D11-00A0C91BC942}") = "01 - IsogramExercise", "01 - IsogramExercise\01 - IsogramExercise.vcxproj", "{21C3A2B7-F63B-4C54-95C4-31C9CBC85635}"
EndProject
Project("{8BC9CEB8-8B4A-11D0-8D11-00A0C91BC942}") = "02 - ExplodeString", "02 - ExplodeString\02 - ExplodeString.vcxproj", "{F00EA914-D905-4D0D-B9F8-150C5B107F65}"
EndProject
Project("{8BC9CEB8-8B4A-11D0-8D11-00A0C91BC942}") = "03 - RPNCalculator", "03 - RPNCalculator\03 - RPNCalculator.vcxproj", "{25BF14DC-A41A-4CE5-BC42-D6F1D31C3311}"
EndProject
Global
	GlobalSection(SolutionConfigurationPlatforms) = preSolution
		Debug|x64 = Debug|x64
		Debug|x86 = Debug|x86
		Release|x64 = Release|x64
		Release|x86 = Release|x86
	EndGlobalSection
	GlobalSection(ProjectConfigurationPlatforms) = postSolution
		{21C3A2B7-F63B-4C54-95C4-31C9CBC85635}.Debug|x64.ActiveCfg = Debug|x64
		{21C3A2B7-F63B-4C54-95C4-31C9CBC85635}.Debug|x64.Build.0 = Debug|x64
		{21C3A2B7-F63B-4C54-95C4-31C9CBC85635}.Debug|x86.ActiveCfg = Debug|Win32
		{21C3A2B7-F63B-4C54-95C4-31C9CBC85635}.Debug|x86.Build.0 = Debug|Win32
		{21C3A2B7-F63B-4C54-95C4-31C9CBC85635}.Release|x64.ActiveCfg = Release|x64
		{21C3A2B7-F63B-4C54-95C4-31C9CBC85635}.Release|x64.Build.0 = Release|x64
		{21C3A2B7-F63B-4C54-95C4-31C9CBC85635}.Release|x86.ActiveCfg = Release|Win32
		{21C3A2B7-F63B-4C54-95C4-31C9CBC85635}.Release|x86.Build.0 = Release|Win32
		{F00EA914-D905-4D0D-B9F8-150C5B107F65}.Debug|x64.ActiveCfg = Debug|x64
		{F00EA914-D905-4D0D-B9F8-150C5B107F65}.Debug|x64.Build.0 = Debug|x64
		{F00EA914-D905-4D0D-B9F8-150C5B107F65}.Debug|x86.ActiveCfg = Debug|Win32
		{F00EA914-D905-4D0D-B9F8-150C5B107F65}.Debug|x86.Build.0 = Debug|Win32
		{F00EA914-D905-4D0D-B9F8-150C5B107F65}.Release|x64.ActiveCfg = Release|x64
		{F00EA914-D905-4D0D-B9F8-150C5B107F65}.Release|x64.Build.0 = Release|x64
		{F00EA914-D905-4D0D-B9F8-150C5B107F65}.Release|x86.ActiveCfg = Release|Win32
		{F00EA914-D905-4D0D-B9F8-150C5B107F65}.Release|x86.Build.0 = Release|Win32
		{25BF14DC-A41A-4CE5-BC42-D6F1D31C3311}.Debug|x64.ActiveCfg = Debug|x64
		{25BF14DC-A41A-4CE5-BC42-D6F1D31C3311}.Debug|x64.Build.0 = Debug|x64
		{25BF14DC-A41A-4CE5-BC42-D6F1D31C3311}.Debug|x86.ActiveCfg = Debug|Win32
		{25BF14DC-A41A-4CE5-BC42-D6F1D31C3311}.Debug|x86.Build.0 = Debug|Win32
		{25BF14DC-A41A-4CE5-BC42-D6F1D31C3311}.Release|x64.ActiveCfg = Release|x64
		{25BF14DC-A41A-4CE5-BC42-D6F1D31C3311}.Release|x64.Build.0 = Release|x64
		{25BF14DC-A41A-4CE5-BC42-D6F1D31C3311}.Release|x86.ActiveCfg = Release|Win32
		{25BF14DC-A41A-4CE5-BC42-D6F1D31C3311}.Release|x86.Build.0 = Release|Win32
	EndGlobalSection
	GlobalSection(SolutionProperties) = preSolution
		HideSolutionNode = FALSE
	EndGlobalSection
	GlobalSection(ExtensibilityGlobals) = postSolution
		SolutionGuid = {31BAB7FB-FE42-4F1A-98B7-388ECE115F7C}
	EndGlobalSection
EndGlobal
