
Microsoft Visual Studio Solution File, Format Version 12.00
# Visual Studio Version 16
VisualStudioVersion = 16.0.29613.14
MinimumVisualStudioVersion = 10.0.40219.1
Project("{8BC9CEB8-8B4A-11D0-8D11-00A0C91BC942}") = "01 - IsogramExercise", "01 - IsogramExercise\01 - IsogramExercise.vcxproj", "{21C3A2B7-F63B-4C54-95C4-31C9CBC85635}"
EndProject
Project("{8BC9CEB8-8B4A-11D0-8D11-00A0C91BC942}") = "02 - ExplodeString", "02 - ExplodeString\02 - ExplodeString.vcxproj", "{F00EA914-D905-4D0D-B9F8-150C5B107F65}"
EndProject
Project("{8BC9CEB8-8B4A-11D0-8D11-00A0C91BC942}") = "03 - RPNCalculator", "03 - RPNCalculator\03 - RPNCalculator.vcxproj", "{25BF14DC-A41A-4CE5-BC42-D6F1D31C3311}"
EndProject
Project("{8BC9CEB8-8B4A-11D0-8D11-00A0C91BC942}") = "04 - CountOccurances", "04 - CountOccurances\04 - CountOccurances.vcxproj", "{1AE85ADD-75DC-435A-A151-2AC1BE274934}"
EndProject
Project("{8BC9CEB8-8B4A-11D0-8D11-00A0C91BC942}") = "05 - MaxDifference", "05 - MaxDifference\05 - MaxDifference.vcxproj", "{A1391E98-784B-496D-88C8-60E6D95944DF}"
EndProject
Project("{8BC9CEB8-8B4A-11D0-8D11-00A0C91BC942}") = "06 - RecordTime", "06 - RecordTime\06 - RecordTime.vcxproj", "{E17F33F0-9791-4B6D-8651-15A025EE8077}"
EndProject
Project("{8BC9CEB8-8B4A-11D0-8D11-00A0C91BC942}") = "07 - RecursiveWalkOverBinaryTree", "07 - RecursiveWalkOverBinaryTree\07 - RecursiveWalkOverBinaryTree.vcxproj", "{CEFC5E2A-EC8A-4EF3-A67C-9953166C4746}"
EndProject
Project("{8BC9CEB8-8B4A-11D0-8D11-00A0C91BC942}") = "09 - ValidHexCode", "09 - ValidHexCode\09 - ValidHexCode.vcxproj", "{A3832B63-C606-4657-93F7-21230147CCAE}"
EndProject
Project("{8BC9CEB8-8B4A-11D0-8D11-00A0C91BC942}") = "08 - FindOddIntCount", "08 - FindOddIntCount\08 - FindOddIntCount.vcxproj", "{51BF1651-AF3C-4E80-885A-45E27E545CEF}"
EndProject
Project("{8BC9CEB8-8B4A-11D0-8D11-00A0C91BC942}") = "10 - Blackjack", "10 - Blackjack\10 - Blackjack.vcxproj", "{6213359C-C75E-4D4C-8814-D7B5CBC62D1C}"
EndProject
Project("{8BC9CEB8-8B4A-11D0-8D11-00A0C91BC942}") = "11 - SplitStringByChar", "11 - SplitStringByChar\11 - SplitStringByChar.vcxproj", "{09455D17-0789-4B0D-9930-4BAAB96D7054}"
EndProject
Project("{8BC9CEB8-8B4A-11D0-8D11-00A0C91BC942}") = "12 - PrintPyramid", "12 - PrintPyramid\12 - PrintPyramid.vcxproj", "{15021FFA-65B5-4C8B-94B8-9D5203189505}"
EndProject
Project("{8BC9CEB8-8B4A-11D0-8D11-00A0C91BC942}") = "13 - Othello", "13 - Othello\13 - Othello.vcxproj", "{9D6F1CAB-448B-4E95-BC82-3843DB68D22B}"
EndProject
Project("{8BC9CEB8-8B4A-11D0-8D11-00A0C91BC942}") = "14 - OthelloGame", "14 - OthelloGame\14 - OthelloGame.vcxproj", "{FC5CAE28-C65F-44E3-9B72-A0AA788E9002}"
EndProject
Project("{8BC9CEB8-8B4A-11D0-8D11-00A0C91BC942}") = "raylib", "raylib\raylib.vcxproj", "{E89D61AC-55DE-4482-AFD4-DF7242EBC859}"
EndProject
Project("{8BC9CEB8-8B4A-11D0-8D11-00A0C91BC942}") = "15 - ParsePointsString", "15 - ParsePointsString\15 - ParsePointsString.vcxproj", "{07C026B1-EE50-401B-A88C-E8607D27993C}"
EndProject
Project("{8BC9CEB8-8B4A-11D0-8D11-00A0C91BC942}") = "16 - SumOfEvenFibonacci", "16 - SumOfEvenFibonacci\16 - SumOfEvenFibonacci.vcxproj", "{DDE957D5-5D05-4459-9EE2-8130064ADDA8}"
EndProject
Project("{8BC9CEB8-8B4A-11D0-8D11-00A0C91BC942}") = "17 - MatchClosingBrackets", "17 - MatchClosingBrackets\17 - MatchClosingBrackets.vcxproj", "{74B1F4BB-F00D-43E4-9966-278461D95A9D}"
EndProject
Project("{8BC9CEB8-8B4A-11D0-8D11-00A0C91BC942}") = "18 - SockPairs", "18 - SockPairs\18 - SockPairs.vcxproj", "{063E621D-82AD-4637-B331-0A68290ED411}"
EndProject
Project("{8BC9CEB8-8B4A-11D0-8D11-00A0C91BC942}") = "19 - LettersShaeredBetweenWords", "19 - LettersShaeredBetweenWords\19 - LettersShaeredBetweenWords.vcxproj", "{50168428-1613-4720-AF14-5A46D3881E34}"
EndProject
Project("{8BC9CEB8-8B4A-11D0-8D11-00A0C91BC942}") = "20 - FindIfWordExists", "20 - FindIfWordExists\20 - FindIfWordExists.vcxproj", "{92B8F4F1-D36D-4993-9254-3007A2BE8B7C}"
EndProject
Global
	GlobalSection(SolutionConfigurationPlatforms) = preSolution
		Debug.DLL|x64 = Debug.DLL|x64
		Debug.DLL|x86 = Debug.DLL|x86
		Debug|x64 = Debug|x64
		Debug|x86 = Debug|x86
		Release.DLL|x64 = Release.DLL|x64
		Release.DLL|x86 = Release.DLL|x86
		Release|x64 = Release|x64
		Release|x86 = Release|x86
	EndGlobalSection
	GlobalSection(ProjectConfigurationPlatforms) = postSolution
		{21C3A2B7-F63B-4C54-95C4-31C9CBC85635}.Debug.DLL|x64.ActiveCfg = Debug|x64
		{21C3A2B7-F63B-4C54-95C4-31C9CBC85635}.Debug.DLL|x64.Build.0 = Debug|x64
		{21C3A2B7-F63B-4C54-95C4-31C9CBC85635}.Debug.DLL|x86.ActiveCfg = Debug|Win32
		{21C3A2B7-F63B-4C54-95C4-31C9CBC85635}.Debug.DLL|x86.Build.0 = Debug|Win32
		{21C3A2B7-F63B-4C54-95C4-31C9CBC85635}.Debug|x64.ActiveCfg = Debug|x64
		{21C3A2B7-F63B-4C54-95C4-31C9CBC85635}.Debug|x64.Build.0 = Debug|x64
		{21C3A2B7-F63B-4C54-95C4-31C9CBC85635}.Debug|x86.ActiveCfg = Debug|Win32
		{21C3A2B7-F63B-4C54-95C4-31C9CBC85635}.Debug|x86.Build.0 = Debug|Win32
		{21C3A2B7-F63B-4C54-95C4-31C9CBC85635}.Release.DLL|x64.ActiveCfg = Release|x64
		{21C3A2B7-F63B-4C54-95C4-31C9CBC85635}.Release.DLL|x64.Build.0 = Release|x64
		{21C3A2B7-F63B-4C54-95C4-31C9CBC85635}.Release.DLL|x86.ActiveCfg = Release|Win32
		{21C3A2B7-F63B-4C54-95C4-31C9CBC85635}.Release.DLL|x86.Build.0 = Release|Win32
		{21C3A2B7-F63B-4C54-95C4-31C9CBC85635}.Release|x64.ActiveCfg = Release|x64
		{21C3A2B7-F63B-4C54-95C4-31C9CBC85635}.Release|x64.Build.0 = Release|x64
		{21C3A2B7-F63B-4C54-95C4-31C9CBC85635}.Release|x86.ActiveCfg = Release|Win32
		{21C3A2B7-F63B-4C54-95C4-31C9CBC85635}.Release|x86.Build.0 = Release|Win32
		{F00EA914-D905-4D0D-B9F8-150C5B107F65}.Debug.DLL|x64.ActiveCfg = Debug|x64
		{F00EA914-D905-4D0D-B9F8-150C5B107F65}.Debug.DLL|x64.Build.0 = Debug|x64
		{F00EA914-D905-4D0D-B9F8-150C5B107F65}.Debug.DLL|x86.ActiveCfg = Debug|Win32
		{F00EA914-D905-4D0D-B9F8-150C5B107F65}.Debug.DLL|x86.Build.0 = Debug|Win32
		{F00EA914-D905-4D0D-B9F8-150C5B107F65}.Debug|x64.ActiveCfg = Debug|x64
		{F00EA914-D905-4D0D-B9F8-150C5B107F65}.Debug|x64.Build.0 = Debug|x64
		{F00EA914-D905-4D0D-B9F8-150C5B107F65}.Debug|x86.ActiveCfg = Debug|Win32
		{F00EA914-D905-4D0D-B9F8-150C5B107F65}.Debug|x86.Build.0 = Debug|Win32
		{F00EA914-D905-4D0D-B9F8-150C5B107F65}.Release.DLL|x64.ActiveCfg = Release|x64
		{F00EA914-D905-4D0D-B9F8-150C5B107F65}.Release.DLL|x64.Build.0 = Release|x64
		{F00EA914-D905-4D0D-B9F8-150C5B107F65}.Release.DLL|x86.ActiveCfg = Release|Win32
		{F00EA914-D905-4D0D-B9F8-150C5B107F65}.Release.DLL|x86.Build.0 = Release|Win32
		{F00EA914-D905-4D0D-B9F8-150C5B107F65}.Release|x64.ActiveCfg = Release|x64
		{F00EA914-D905-4D0D-B9F8-150C5B107F65}.Release|x64.Build.0 = Release|x64
		{F00EA914-D905-4D0D-B9F8-150C5B107F65}.Release|x86.ActiveCfg = Release|Win32
		{F00EA914-D905-4D0D-B9F8-150C5B107F65}.Release|x86.Build.0 = Release|Win32
		{25BF14DC-A41A-4CE5-BC42-D6F1D31C3311}.Debug.DLL|x64.ActiveCfg = Debug|x64
		{25BF14DC-A41A-4CE5-BC42-D6F1D31C3311}.Debug.DLL|x64.Build.0 = Debug|x64
		{25BF14DC-A41A-4CE5-BC42-D6F1D31C3311}.Debug.DLL|x86.ActiveCfg = Debug|Win32
		{25BF14DC-A41A-4CE5-BC42-D6F1D31C3311}.Debug.DLL|x86.Build.0 = Debug|Win32
		{25BF14DC-A41A-4CE5-BC42-D6F1D31C3311}.Debug|x64.ActiveCfg = Debug|x64
		{25BF14DC-A41A-4CE5-BC42-D6F1D31C3311}.Debug|x64.Build.0 = Debug|x64
		{25BF14DC-A41A-4CE5-BC42-D6F1D31C3311}.Debug|x86.ActiveCfg = Debug|Win32
		{25BF14DC-A41A-4CE5-BC42-D6F1D31C3311}.Debug|x86.Build.0 = Debug|Win32
		{25BF14DC-A41A-4CE5-BC42-D6F1D31C3311}.Release.DLL|x64.ActiveCfg = Release|x64
		{25BF14DC-A41A-4CE5-BC42-D6F1D31C3311}.Release.DLL|x64.Build.0 = Release|x64
		{25BF14DC-A41A-4CE5-BC42-D6F1D31C3311}.Release.DLL|x86.ActiveCfg = Release|Win32
		{25BF14DC-A41A-4CE5-BC42-D6F1D31C3311}.Release.DLL|x86.Build.0 = Release|Win32
		{25BF14DC-A41A-4CE5-BC42-D6F1D31C3311}.Release|x64.ActiveCfg = Release|x64
		{25BF14DC-A41A-4CE5-BC42-D6F1D31C3311}.Release|x64.Build.0 = Release|x64
		{25BF14DC-A41A-4CE5-BC42-D6F1D31C3311}.Release|x86.ActiveCfg = Release|Win32
		{25BF14DC-A41A-4CE5-BC42-D6F1D31C3311}.Release|x86.Build.0 = Release|Win32
		{1AE85ADD-75DC-435A-A151-2AC1BE274934}.Debug.DLL|x64.ActiveCfg = Debug|x64
		{1AE85ADD-75DC-435A-A151-2AC1BE274934}.Debug.DLL|x64.Build.0 = Debug|x64
		{1AE85ADD-75DC-435A-A151-2AC1BE274934}.Debug.DLL|x86.ActiveCfg = Debug|Win32
		{1AE85ADD-75DC-435A-A151-2AC1BE274934}.Debug.DLL|x86.Build.0 = Debug|Win32
		{1AE85ADD-75DC-435A-A151-2AC1BE274934}.Debug|x64.ActiveCfg = Debug|x64
		{1AE85ADD-75DC-435A-A151-2AC1BE274934}.Debug|x64.Build.0 = Debug|x64
		{1AE85ADD-75DC-435A-A151-2AC1BE274934}.Debug|x86.ActiveCfg = Debug|Win32
		{1AE85ADD-75DC-435A-A151-2AC1BE274934}.Debug|x86.Build.0 = Debug|Win32
		{1AE85ADD-75DC-435A-A151-2AC1BE274934}.Release.DLL|x64.ActiveCfg = Release|x64
		{1AE85ADD-75DC-435A-A151-2AC1BE274934}.Release.DLL|x64.Build.0 = Release|x64
		{1AE85ADD-75DC-435A-A151-2AC1BE274934}.Release.DLL|x86.ActiveCfg = Release|Win32
		{1AE85ADD-75DC-435A-A151-2AC1BE274934}.Release.DLL|x86.Build.0 = Release|Win32
		{1AE85ADD-75DC-435A-A151-2AC1BE274934}.Release|x64.ActiveCfg = Release|x64
		{1AE85ADD-75DC-435A-A151-2AC1BE274934}.Release|x64.Build.0 = Release|x64
		{1AE85ADD-75DC-435A-A151-2AC1BE274934}.Release|x86.ActiveCfg = Release|Win32
		{1AE85ADD-75DC-435A-A151-2AC1BE274934}.Release|x86.Build.0 = Release|Win32
		{A1391E98-784B-496D-88C8-60E6D95944DF}.Debug.DLL|x64.ActiveCfg = Debug|x64
		{A1391E98-784B-496D-88C8-60E6D95944DF}.Debug.DLL|x64.Build.0 = Debug|x64
		{A1391E98-784B-496D-88C8-60E6D95944DF}.Debug.DLL|x86.ActiveCfg = Debug|Win32
		{A1391E98-784B-496D-88C8-60E6D95944DF}.Debug.DLL|x86.Build.0 = Debug|Win32
		{A1391E98-784B-496D-88C8-60E6D95944DF}.Debug|x64.ActiveCfg = Debug|x64
		{A1391E98-784B-496D-88C8-60E6D95944DF}.Debug|x64.Build.0 = Debug|x64
		{A1391E98-784B-496D-88C8-60E6D95944DF}.Debug|x86.ActiveCfg = Debug|Win32
		{A1391E98-784B-496D-88C8-60E6D95944DF}.Debug|x86.Build.0 = Debug|Win32
		{A1391E98-784B-496D-88C8-60E6D95944DF}.Release.DLL|x64.ActiveCfg = Release|x64
		{A1391E98-784B-496D-88C8-60E6D95944DF}.Release.DLL|x64.Build.0 = Release|x64
		{A1391E98-784B-496D-88C8-60E6D95944DF}.Release.DLL|x86.ActiveCfg = Release|Win32
		{A1391E98-784B-496D-88C8-60E6D95944DF}.Release.DLL|x86.Build.0 = Release|Win32
		{A1391E98-784B-496D-88C8-60E6D95944DF}.Release|x64.ActiveCfg = Release|x64
		{A1391E98-784B-496D-88C8-60E6D95944DF}.Release|x64.Build.0 = Release|x64
		{A1391E98-784B-496D-88C8-60E6D95944DF}.Release|x86.ActiveCfg = Release|Win32
		{A1391E98-784B-496D-88C8-60E6D95944DF}.Release|x86.Build.0 = Release|Win32
		{E17F33F0-9791-4B6D-8651-15A025EE8077}.Debug.DLL|x64.ActiveCfg = Debug|x64
		{E17F33F0-9791-4B6D-8651-15A025EE8077}.Debug.DLL|x64.Build.0 = Debug|x64
		{E17F33F0-9791-4B6D-8651-15A025EE8077}.Debug.DLL|x86.ActiveCfg = Debug|Win32
		{E17F33F0-9791-4B6D-8651-15A025EE8077}.Debug.DLL|x86.Build.0 = Debug|Win32
		{E17F33F0-9791-4B6D-8651-15A025EE8077}.Debug|x64.ActiveCfg = Debug|x64
		{E17F33F0-9791-4B6D-8651-15A025EE8077}.Debug|x64.Build.0 = Debug|x64
		{E17F33F0-9791-4B6D-8651-15A025EE8077}.Debug|x86.ActiveCfg = Debug|Win32
		{E17F33F0-9791-4B6D-8651-15A025EE8077}.Debug|x86.Build.0 = Debug|Win32
		{E17F33F0-9791-4B6D-8651-15A025EE8077}.Release.DLL|x64.ActiveCfg = Release|x64
		{E17F33F0-9791-4B6D-8651-15A025EE8077}.Release.DLL|x64.Build.0 = Release|x64
		{E17F33F0-9791-4B6D-8651-15A025EE8077}.Release.DLL|x86.ActiveCfg = Release|Win32
		{E17F33F0-9791-4B6D-8651-15A025EE8077}.Release.DLL|x86.Build.0 = Release|Win32
		{E17F33F0-9791-4B6D-8651-15A025EE8077}.Release|x64.ActiveCfg = Release|x64
		{E17F33F0-9791-4B6D-8651-15A025EE8077}.Release|x64.Build.0 = Release|x64
		{E17F33F0-9791-4B6D-8651-15A025EE8077}.Release|x86.ActiveCfg = Release|Win32
		{E17F33F0-9791-4B6D-8651-15A025EE8077}.Release|x86.Build.0 = Release|Win32
		{CEFC5E2A-EC8A-4EF3-A67C-9953166C4746}.Debug.DLL|x64.ActiveCfg = Debug|x64
		{CEFC5E2A-EC8A-4EF3-A67C-9953166C4746}.Debug.DLL|x64.Build.0 = Debug|x64
		{CEFC5E2A-EC8A-4EF3-A67C-9953166C4746}.Debug.DLL|x86.ActiveCfg = Debug|Win32
		{CEFC5E2A-EC8A-4EF3-A67C-9953166C4746}.Debug.DLL|x86.Build.0 = Debug|Win32
		{CEFC5E2A-EC8A-4EF3-A67C-9953166C4746}.Debug|x64.ActiveCfg = Debug|x64
		{CEFC5E2A-EC8A-4EF3-A67C-9953166C4746}.Debug|x64.Build.0 = Debug|x64
		{CEFC5E2A-EC8A-4EF3-A67C-9953166C4746}.Debug|x86.ActiveCfg = Debug|Win32
		{CEFC5E2A-EC8A-4EF3-A67C-9953166C4746}.Debug|x86.Build.0 = Debug|Win32
		{CEFC5E2A-EC8A-4EF3-A67C-9953166C4746}.Release.DLL|x64.ActiveCfg = Release|x64
		{CEFC5E2A-EC8A-4EF3-A67C-9953166C4746}.Release.DLL|x64.Build.0 = Release|x64
		{CEFC5E2A-EC8A-4EF3-A67C-9953166C4746}.Release.DLL|x86.ActiveCfg = Release|Win32
		{CEFC5E2A-EC8A-4EF3-A67C-9953166C4746}.Release.DLL|x86.Build.0 = Release|Win32
		{CEFC5E2A-EC8A-4EF3-A67C-9953166C4746}.Release|x64.ActiveCfg = Release|x64
		{CEFC5E2A-EC8A-4EF3-A67C-9953166C4746}.Release|x64.Build.0 = Release|x64
		{CEFC5E2A-EC8A-4EF3-A67C-9953166C4746}.Release|x86.ActiveCfg = Release|Win32
		{CEFC5E2A-EC8A-4EF3-A67C-9953166C4746}.Release|x86.Build.0 = Release|Win32
		{A3832B63-C606-4657-93F7-21230147CCAE}.Debug.DLL|x64.ActiveCfg = Debug|x64
		{A3832B63-C606-4657-93F7-21230147CCAE}.Debug.DLL|x64.Build.0 = Debug|x64
		{A3832B63-C606-4657-93F7-21230147CCAE}.Debug.DLL|x86.ActiveCfg = Debug|Win32
		{A3832B63-C606-4657-93F7-21230147CCAE}.Debug.DLL|x86.Build.0 = Debug|Win32
		{A3832B63-C606-4657-93F7-21230147CCAE}.Debug|x64.ActiveCfg = Debug|x64
		{A3832B63-C606-4657-93F7-21230147CCAE}.Debug|x64.Build.0 = Debug|x64
		{A3832B63-C606-4657-93F7-21230147CCAE}.Debug|x86.ActiveCfg = Debug|Win32
		{A3832B63-C606-4657-93F7-21230147CCAE}.Debug|x86.Build.0 = Debug|Win32
		{A3832B63-C606-4657-93F7-21230147CCAE}.Release.DLL|x64.ActiveCfg = Release|x64
		{A3832B63-C606-4657-93F7-21230147CCAE}.Release.DLL|x64.Build.0 = Release|x64
		{A3832B63-C606-4657-93F7-21230147CCAE}.Release.DLL|x86.ActiveCfg = Release|Win32
		{A3832B63-C606-4657-93F7-21230147CCAE}.Release.DLL|x86.Build.0 = Release|Win32
		{A3832B63-C606-4657-93F7-21230147CCAE}.Release|x64.ActiveCfg = Release|x64
		{A3832B63-C606-4657-93F7-21230147CCAE}.Release|x64.Build.0 = Release|x64
		{A3832B63-C606-4657-93F7-21230147CCAE}.Release|x86.ActiveCfg = Release|Win32
		{A3832B63-C606-4657-93F7-21230147CCAE}.Release|x86.Build.0 = Release|Win32
		{51BF1651-AF3C-4E80-885A-45E27E545CEF}.Debug.DLL|x64.ActiveCfg = Debug|x64
		{51BF1651-AF3C-4E80-885A-45E27E545CEF}.Debug.DLL|x64.Build.0 = Debug|x64
		{51BF1651-AF3C-4E80-885A-45E27E545CEF}.Debug.DLL|x86.ActiveCfg = Debug|Win32
		{51BF1651-AF3C-4E80-885A-45E27E545CEF}.Debug.DLL|x86.Build.0 = Debug|Win32
		{51BF1651-AF3C-4E80-885A-45E27E545CEF}.Debug|x64.ActiveCfg = Debug|x64
		{51BF1651-AF3C-4E80-885A-45E27E545CEF}.Debug|x64.Build.0 = Debug|x64
		{51BF1651-AF3C-4E80-885A-45E27E545CEF}.Debug|x86.ActiveCfg = Debug|Win32
		{51BF1651-AF3C-4E80-885A-45E27E545CEF}.Debug|x86.Build.0 = Debug|Win32
		{51BF1651-AF3C-4E80-885A-45E27E545CEF}.Release.DLL|x64.ActiveCfg = Release|x64
		{51BF1651-AF3C-4E80-885A-45E27E545CEF}.Release.DLL|x64.Build.0 = Release|x64
		{51BF1651-AF3C-4E80-885A-45E27E545CEF}.Release.DLL|x86.ActiveCfg = Release|Win32
		{51BF1651-AF3C-4E80-885A-45E27E545CEF}.Release.DLL|x86.Build.0 = Release|Win32
		{51BF1651-AF3C-4E80-885A-45E27E545CEF}.Release|x64.ActiveCfg = Release|x64
		{51BF1651-AF3C-4E80-885A-45E27E545CEF}.Release|x64.Build.0 = Release|x64
		{51BF1651-AF3C-4E80-885A-45E27E545CEF}.Release|x86.ActiveCfg = Release|Win32
		{51BF1651-AF3C-4E80-885A-45E27E545CEF}.Release|x86.Build.0 = Release|Win32
		{6213359C-C75E-4D4C-8814-D7B5CBC62D1C}.Debug.DLL|x64.ActiveCfg = Debug|x64
		{6213359C-C75E-4D4C-8814-D7B5CBC62D1C}.Debug.DLL|x64.Build.0 = Debug|x64
		{6213359C-C75E-4D4C-8814-D7B5CBC62D1C}.Debug.DLL|x86.ActiveCfg = Debug|Win32
		{6213359C-C75E-4D4C-8814-D7B5CBC62D1C}.Debug.DLL|x86.Build.0 = Debug|Win32
		{6213359C-C75E-4D4C-8814-D7B5CBC62D1C}.Debug|x64.ActiveCfg = Debug|x64
		{6213359C-C75E-4D4C-8814-D7B5CBC62D1C}.Debug|x64.Build.0 = Debug|x64
		{6213359C-C75E-4D4C-8814-D7B5CBC62D1C}.Debug|x86.ActiveCfg = Debug|Win32
		{6213359C-C75E-4D4C-8814-D7B5CBC62D1C}.Debug|x86.Build.0 = Debug|Win32
		{6213359C-C75E-4D4C-8814-D7B5CBC62D1C}.Release.DLL|x64.ActiveCfg = Release|x64
		{6213359C-C75E-4D4C-8814-D7B5CBC62D1C}.Release.DLL|x64.Build.0 = Release|x64
		{6213359C-C75E-4D4C-8814-D7B5CBC62D1C}.Release.DLL|x86.ActiveCfg = Release|Win32
		{6213359C-C75E-4D4C-8814-D7B5CBC62D1C}.Release.DLL|x86.Build.0 = Release|Win32
		{6213359C-C75E-4D4C-8814-D7B5CBC62D1C}.Release|x64.ActiveCfg = Release|x64
		{6213359C-C75E-4D4C-8814-D7B5CBC62D1C}.Release|x64.Build.0 = Release|x64
		{6213359C-C75E-4D4C-8814-D7B5CBC62D1C}.Release|x86.ActiveCfg = Release|Win32
		{6213359C-C75E-4D4C-8814-D7B5CBC62D1C}.Release|x86.Build.0 = Release|Win32
		{09455D17-0789-4B0D-9930-4BAAB96D7054}.Debug.DLL|x64.ActiveCfg = Debug|x64
		{09455D17-0789-4B0D-9930-4BAAB96D7054}.Debug.DLL|x64.Build.0 = Debug|x64
		{09455D17-0789-4B0D-9930-4BAAB96D7054}.Debug.DLL|x86.ActiveCfg = Debug|Win32
		{09455D17-0789-4B0D-9930-4BAAB96D7054}.Debug.DLL|x86.Build.0 = Debug|Win32
		{09455D17-0789-4B0D-9930-4BAAB96D7054}.Debug|x64.ActiveCfg = Debug|x64
		{09455D17-0789-4B0D-9930-4BAAB96D7054}.Debug|x64.Build.0 = Debug|x64
		{09455D17-0789-4B0D-9930-4BAAB96D7054}.Debug|x86.ActiveCfg = Debug|Win32
		{09455D17-0789-4B0D-9930-4BAAB96D7054}.Debug|x86.Build.0 = Debug|Win32
		{09455D17-0789-4B0D-9930-4BAAB96D7054}.Release.DLL|x64.ActiveCfg = Release|x64
		{09455D17-0789-4B0D-9930-4BAAB96D7054}.Release.DLL|x64.Build.0 = Release|x64
		{09455D17-0789-4B0D-9930-4BAAB96D7054}.Release.DLL|x86.ActiveCfg = Release|Win32
		{09455D17-0789-4B0D-9930-4BAAB96D7054}.Release.DLL|x86.Build.0 = Release|Win32
		{09455D17-0789-4B0D-9930-4BAAB96D7054}.Release|x64.ActiveCfg = Release|x64
		{09455D17-0789-4B0D-9930-4BAAB96D7054}.Release|x64.Build.0 = Release|x64
		{09455D17-0789-4B0D-9930-4BAAB96D7054}.Release|x86.ActiveCfg = Release|Win32
		{09455D17-0789-4B0D-9930-4BAAB96D7054}.Release|x86.Build.0 = Release|Win32
		{15021FFA-65B5-4C8B-94B8-9D5203189505}.Debug.DLL|x64.ActiveCfg = Debug|x64
		{15021FFA-65B5-4C8B-94B8-9D5203189505}.Debug.DLL|x64.Build.0 = Debug|x64
		{15021FFA-65B5-4C8B-94B8-9D5203189505}.Debug.DLL|x86.ActiveCfg = Debug|Win32
		{15021FFA-65B5-4C8B-94B8-9D5203189505}.Debug.DLL|x86.Build.0 = Debug|Win32
		{15021FFA-65B5-4C8B-94B8-9D5203189505}.Debug|x64.ActiveCfg = Debug|x64
		{15021FFA-65B5-4C8B-94B8-9D5203189505}.Debug|x64.Build.0 = Debug|x64
		{15021FFA-65B5-4C8B-94B8-9D5203189505}.Debug|x86.ActiveCfg = Debug|Win32
		{15021FFA-65B5-4C8B-94B8-9D5203189505}.Debug|x86.Build.0 = Debug|Win32
		{15021FFA-65B5-4C8B-94B8-9D5203189505}.Release.DLL|x64.ActiveCfg = Release|x64
		{15021FFA-65B5-4C8B-94B8-9D5203189505}.Release.DLL|x64.Build.0 = Release|x64
		{15021FFA-65B5-4C8B-94B8-9D5203189505}.Release.DLL|x86.ActiveCfg = Release|Win32
		{15021FFA-65B5-4C8B-94B8-9D5203189505}.Release.DLL|x86.Build.0 = Release|Win32
		{15021FFA-65B5-4C8B-94B8-9D5203189505}.Release|x64.ActiveCfg = Release|x64
		{15021FFA-65B5-4C8B-94B8-9D5203189505}.Release|x64.Build.0 = Release|x64
		{15021FFA-65B5-4C8B-94B8-9D5203189505}.Release|x86.ActiveCfg = Release|Win32
		{15021FFA-65B5-4C8B-94B8-9D5203189505}.Release|x86.Build.0 = Release|Win32
		{9D6F1CAB-448B-4E95-BC82-3843DB68D22B}.Debug.DLL|x64.ActiveCfg = Debug|x64
		{9D6F1CAB-448B-4E95-BC82-3843DB68D22B}.Debug.DLL|x64.Build.0 = Debug|x64
		{9D6F1CAB-448B-4E95-BC82-3843DB68D22B}.Debug.DLL|x86.ActiveCfg = Debug|Win32
		{9D6F1CAB-448B-4E95-BC82-3843DB68D22B}.Debug.DLL|x86.Build.0 = Debug|Win32
		{9D6F1CAB-448B-4E95-BC82-3843DB68D22B}.Debug|x64.ActiveCfg = Debug|x64
		{9D6F1CAB-448B-4E95-BC82-3843DB68D22B}.Debug|x64.Build.0 = Debug|x64
		{9D6F1CAB-448B-4E95-BC82-3843DB68D22B}.Debug|x86.ActiveCfg = Debug|Win32
		{9D6F1CAB-448B-4E95-BC82-3843DB68D22B}.Debug|x86.Build.0 = Debug|Win32
		{9D6F1CAB-448B-4E95-BC82-3843DB68D22B}.Release.DLL|x64.ActiveCfg = Release|x64
		{9D6F1CAB-448B-4E95-BC82-3843DB68D22B}.Release.DLL|x64.Build.0 = Release|x64
		{9D6F1CAB-448B-4E95-BC82-3843DB68D22B}.Release.DLL|x86.ActiveCfg = Release|Win32
		{9D6F1CAB-448B-4E95-BC82-3843DB68D22B}.Release.DLL|x86.Build.0 = Release|Win32
		{9D6F1CAB-448B-4E95-BC82-3843DB68D22B}.Release|x64.ActiveCfg = Release|x64
		{9D6F1CAB-448B-4E95-BC82-3843DB68D22B}.Release|x64.Build.0 = Release|x64
		{9D6F1CAB-448B-4E95-BC82-3843DB68D22B}.Release|x86.ActiveCfg = Release|Win32
		{9D6F1CAB-448B-4E95-BC82-3843DB68D22B}.Release|x86.Build.0 = Release|Win32
		{FC5CAE28-C65F-44E3-9B72-A0AA788E9002}.Debug.DLL|x64.ActiveCfg = Debug|x64
		{FC5CAE28-C65F-44E3-9B72-A0AA788E9002}.Debug.DLL|x64.Build.0 = Debug|x64
		{FC5CAE28-C65F-44E3-9B72-A0AA788E9002}.Debug.DLL|x86.ActiveCfg = Debug|Win32
		{FC5CAE28-C65F-44E3-9B72-A0AA788E9002}.Debug.DLL|x86.Build.0 = Debug|Win32
		{FC5CAE28-C65F-44E3-9B72-A0AA788E9002}.Debug|x64.ActiveCfg = Debug|x64
		{FC5CAE28-C65F-44E3-9B72-A0AA788E9002}.Debug|x64.Build.0 = Debug|x64
		{FC5CAE28-C65F-44E3-9B72-A0AA788E9002}.Debug|x86.ActiveCfg = Debug|Win32
		{FC5CAE28-C65F-44E3-9B72-A0AA788E9002}.Debug|x86.Build.0 = Debug|Win32
		{FC5CAE28-C65F-44E3-9B72-A0AA788E9002}.Release.DLL|x64.ActiveCfg = Release|x64
		{FC5CAE28-C65F-44E3-9B72-A0AA788E9002}.Release.DLL|x64.Build.0 = Release|x64
		{FC5CAE28-C65F-44E3-9B72-A0AA788E9002}.Release.DLL|x86.ActiveCfg = Release|Win32
		{FC5CAE28-C65F-44E3-9B72-A0AA788E9002}.Release.DLL|x86.Build.0 = Release|Win32
		{FC5CAE28-C65F-44E3-9B72-A0AA788E9002}.Release|x64.ActiveCfg = Release|x64
		{FC5CAE28-C65F-44E3-9B72-A0AA788E9002}.Release|x64.Build.0 = Release|x64
		{FC5CAE28-C65F-44E3-9B72-A0AA788E9002}.Release|x86.ActiveCfg = Release|Win32
		{FC5CAE28-C65F-44E3-9B72-A0AA788E9002}.Release|x86.Build.0 = Release|Win32
		{E89D61AC-55DE-4482-AFD4-DF7242EBC859}.Debug.DLL|x64.ActiveCfg = Debug.DLL|x64
		{E89D61AC-55DE-4482-AFD4-DF7242EBC859}.Debug.DLL|x64.Build.0 = Debug.DLL|x64
		{E89D61AC-55DE-4482-AFD4-DF7242EBC859}.Debug.DLL|x86.ActiveCfg = Debug.DLL|Win32
		{E89D61AC-55DE-4482-AFD4-DF7242EBC859}.Debug.DLL|x86.Build.0 = Debug.DLL|Win32
		{E89D61AC-55DE-4482-AFD4-DF7242EBC859}.Debug|x64.ActiveCfg = Debug|x64
		{E89D61AC-55DE-4482-AFD4-DF7242EBC859}.Debug|x86.ActiveCfg = Debug|Win32
		{E89D61AC-55DE-4482-AFD4-DF7242EBC859}.Debug|x86.Build.0 = Debug|Win32
		{E89D61AC-55DE-4482-AFD4-DF7242EBC859}.Release.DLL|x64.ActiveCfg = Release.DLL|x64
		{E89D61AC-55DE-4482-AFD4-DF7242EBC859}.Release.DLL|x64.Build.0 = Release.DLL|x64
		{E89D61AC-55DE-4482-AFD4-DF7242EBC859}.Release.DLL|x86.ActiveCfg = Release.DLL|Win32
		{E89D61AC-55DE-4482-AFD4-DF7242EBC859}.Release.DLL|x86.Build.0 = Release.DLL|Win32
		{E89D61AC-55DE-4482-AFD4-DF7242EBC859}.Release|x64.ActiveCfg = Release|x64
		{E89D61AC-55DE-4482-AFD4-DF7242EBC859}.Release|x64.Build.0 = Release|x64
		{E89D61AC-55DE-4482-AFD4-DF7242EBC859}.Release|x86.ActiveCfg = Release|Win32
		{E89D61AC-55DE-4482-AFD4-DF7242EBC859}.Release|x86.Build.0 = Release|Win32
		{07C026B1-EE50-401B-A88C-E8607D27993C}.Debug.DLL|x64.ActiveCfg = Debug|x64
		{07C026B1-EE50-401B-A88C-E8607D27993C}.Debug.DLL|x64.Build.0 = Debug|x64
		{07C026B1-EE50-401B-A88C-E8607D27993C}.Debug.DLL|x86.ActiveCfg = Debug|Win32
		{07C026B1-EE50-401B-A88C-E8607D27993C}.Debug.DLL|x86.Build.0 = Debug|Win32
		{07C026B1-EE50-401B-A88C-E8607D27993C}.Debug|x64.ActiveCfg = Debug|x64
		{07C026B1-EE50-401B-A88C-E8607D27993C}.Debug|x64.Build.0 = Debug|x64
		{07C026B1-EE50-401B-A88C-E8607D27993C}.Debug|x86.ActiveCfg = Debug|Win32
		{07C026B1-EE50-401B-A88C-E8607D27993C}.Debug|x86.Build.0 = Debug|Win32
		{07C026B1-EE50-401B-A88C-E8607D27993C}.Release.DLL|x64.ActiveCfg = Release|x64
		{07C026B1-EE50-401B-A88C-E8607D27993C}.Release.DLL|x64.Build.0 = Release|x64
		{07C026B1-EE50-401B-A88C-E8607D27993C}.Release.DLL|x86.ActiveCfg = Release|Win32
		{07C026B1-EE50-401B-A88C-E8607D27993C}.Release.DLL|x86.Build.0 = Release|Win32
		{07C026B1-EE50-401B-A88C-E8607D27993C}.Release|x64.ActiveCfg = Release|x64
		{07C026B1-EE50-401B-A88C-E8607D27993C}.Release|x64.Build.0 = Release|x64
		{07C026B1-EE50-401B-A88C-E8607D27993C}.Release|x86.ActiveCfg = Release|Win32
		{07C026B1-EE50-401B-A88C-E8607D27993C}.Release|x86.Build.0 = Release|Win32
		{DDE957D5-5D05-4459-9EE2-8130064ADDA8}.Debug.DLL|x64.ActiveCfg = Debug|x64
		{DDE957D5-5D05-4459-9EE2-8130064ADDA8}.Debug.DLL|x64.Build.0 = Debug|x64
		{DDE957D5-5D05-4459-9EE2-8130064ADDA8}.Debug.DLL|x86.ActiveCfg = Debug|Win32
		{DDE957D5-5D05-4459-9EE2-8130064ADDA8}.Debug.DLL|x86.Build.0 = Debug|Win32
		{DDE957D5-5D05-4459-9EE2-8130064ADDA8}.Debug|x64.ActiveCfg = Debug|x64
		{DDE957D5-5D05-4459-9EE2-8130064ADDA8}.Debug|x64.Build.0 = Debug|x64
		{DDE957D5-5D05-4459-9EE2-8130064ADDA8}.Debug|x86.ActiveCfg = Debug|Win32
		{DDE957D5-5D05-4459-9EE2-8130064ADDA8}.Debug|x86.Build.0 = Debug|Win32
		{DDE957D5-5D05-4459-9EE2-8130064ADDA8}.Release.DLL|x64.ActiveCfg = Release|x64
		{DDE957D5-5D05-4459-9EE2-8130064ADDA8}.Release.DLL|x64.Build.0 = Release|x64
		{DDE957D5-5D05-4459-9EE2-8130064ADDA8}.Release.DLL|x86.ActiveCfg = Release|Win32
		{DDE957D5-5D05-4459-9EE2-8130064ADDA8}.Release.DLL|x86.Build.0 = Release|Win32
		{DDE957D5-5D05-4459-9EE2-8130064ADDA8}.Release|x64.ActiveCfg = Release|x64
		{DDE957D5-5D05-4459-9EE2-8130064ADDA8}.Release|x64.Build.0 = Release|x64
		{DDE957D5-5D05-4459-9EE2-8130064ADDA8}.Release|x86.ActiveCfg = Release|Win32
		{DDE957D5-5D05-4459-9EE2-8130064ADDA8}.Release|x86.Build.0 = Release|Win32
		{74B1F4BB-F00D-43E4-9966-278461D95A9D}.Debug.DLL|x64.ActiveCfg = Debug|x64
		{74B1F4BB-F00D-43E4-9966-278461D95A9D}.Debug.DLL|x64.Build.0 = Debug|x64
		{74B1F4BB-F00D-43E4-9966-278461D95A9D}.Debug.DLL|x86.ActiveCfg = Debug|Win32
		{74B1F4BB-F00D-43E4-9966-278461D95A9D}.Debug.DLL|x86.Build.0 = Debug|Win32
		{74B1F4BB-F00D-43E4-9966-278461D95A9D}.Debug|x64.ActiveCfg = Debug|x64
		{74B1F4BB-F00D-43E4-9966-278461D95A9D}.Debug|x64.Build.0 = Debug|x64
		{74B1F4BB-F00D-43E4-9966-278461D95A9D}.Debug|x86.ActiveCfg = Debug|Win32
		{74B1F4BB-F00D-43E4-9966-278461D95A9D}.Debug|x86.Build.0 = Debug|Win32
		{74B1F4BB-F00D-43E4-9966-278461D95A9D}.Release.DLL|x64.ActiveCfg = Release|x64
		{74B1F4BB-F00D-43E4-9966-278461D95A9D}.Release.DLL|x64.Build.0 = Release|x64
		{74B1F4BB-F00D-43E4-9966-278461D95A9D}.Release.DLL|x86.ActiveCfg = Release|Win32
		{74B1F4BB-F00D-43E4-9966-278461D95A9D}.Release.DLL|x86.Build.0 = Release|Win32
		{74B1F4BB-F00D-43E4-9966-278461D95A9D}.Release|x64.ActiveCfg = Release|x64
		{74B1F4BB-F00D-43E4-9966-278461D95A9D}.Release|x64.Build.0 = Release|x64
		{74B1F4BB-F00D-43E4-9966-278461D95A9D}.Release|x86.ActiveCfg = Release|Win32
		{74B1F4BB-F00D-43E4-9966-278461D95A9D}.Release|x86.Build.0 = Release|Win32
		{063E621D-82AD-4637-B331-0A68290ED411}.Debug.DLL|x64.ActiveCfg = Debug|x64
		{063E621D-82AD-4637-B331-0A68290ED411}.Debug.DLL|x64.Build.0 = Debug|x64
		{063E621D-82AD-4637-B331-0A68290ED411}.Debug.DLL|x86.ActiveCfg = Debug|Win32
		{063E621D-82AD-4637-B331-0A68290ED411}.Debug.DLL|x86.Build.0 = Debug|Win32
		{063E621D-82AD-4637-B331-0A68290ED411}.Debug|x64.ActiveCfg = Debug|x64
		{063E621D-82AD-4637-B331-0A68290ED411}.Debug|x64.Build.0 = Debug|x64
		{063E621D-82AD-4637-B331-0A68290ED411}.Debug|x86.ActiveCfg = Debug|Win32
		{063E621D-82AD-4637-B331-0A68290ED411}.Debug|x86.Build.0 = Debug|Win32
		{063E621D-82AD-4637-B331-0A68290ED411}.Release.DLL|x64.ActiveCfg = Release|x64
		{063E621D-82AD-4637-B331-0A68290ED411}.Release.DLL|x64.Build.0 = Release|x64
		{063E621D-82AD-4637-B331-0A68290ED411}.Release.DLL|x86.ActiveCfg = Release|Win32
		{063E621D-82AD-4637-B331-0A68290ED411}.Release.DLL|x86.Build.0 = Release|Win32
		{063E621D-82AD-4637-B331-0A68290ED411}.Release|x64.ActiveCfg = Release|x64
		{063E621D-82AD-4637-B331-0A68290ED411}.Release|x64.Build.0 = Release|x64
		{063E621D-82AD-4637-B331-0A68290ED411}.Release|x86.ActiveCfg = Release|Win32
		{063E621D-82AD-4637-B331-0A68290ED411}.Release|x86.Build.0 = Release|Win32
		{50168428-1613-4720-AF14-5A46D3881E34}.Debug.DLL|x64.ActiveCfg = Debug|x64
		{50168428-1613-4720-AF14-5A46D3881E34}.Debug.DLL|x64.Build.0 = Debug|x64
		{50168428-1613-4720-AF14-5A46D3881E34}.Debug.DLL|x86.ActiveCfg = Debug|Win32
		{50168428-1613-4720-AF14-5A46D3881E34}.Debug.DLL|x86.Build.0 = Debug|Win32
		{50168428-1613-4720-AF14-5A46D3881E34}.Debug|x64.ActiveCfg = Debug|x64
		{50168428-1613-4720-AF14-5A46D3881E34}.Debug|x64.Build.0 = Debug|x64
		{50168428-1613-4720-AF14-5A46D3881E34}.Debug|x86.ActiveCfg = Debug|Win32
		{50168428-1613-4720-AF14-5A46D3881E34}.Debug|x86.Build.0 = Debug|Win32
		{50168428-1613-4720-AF14-5A46D3881E34}.Release.DLL|x64.ActiveCfg = Release|x64
		{50168428-1613-4720-AF14-5A46D3881E34}.Release.DLL|x64.Build.0 = Release|x64
		{50168428-1613-4720-AF14-5A46D3881E34}.Release.DLL|x86.ActiveCfg = Release|Win32
		{50168428-1613-4720-AF14-5A46D3881E34}.Release.DLL|x86.Build.0 = Release|Win32
		{50168428-1613-4720-AF14-5A46D3881E34}.Release|x64.ActiveCfg = Release|x64
		{50168428-1613-4720-AF14-5A46D3881E34}.Release|x64.Build.0 = Release|x64
		{50168428-1613-4720-AF14-5A46D3881E34}.Release|x86.ActiveCfg = Release|Win32
		{50168428-1613-4720-AF14-5A46D3881E34}.Release|x86.Build.0 = Release|Win32
		{92B8F4F1-D36D-4993-9254-3007A2BE8B7C}.Debug.DLL|x64.ActiveCfg = Debug|x64
		{92B8F4F1-D36D-4993-9254-3007A2BE8B7C}.Debug.DLL|x64.Build.0 = Debug|x64
		{92B8F4F1-D36D-4993-9254-3007A2BE8B7C}.Debug.DLL|x86.ActiveCfg = Debug|Win32
		{92B8F4F1-D36D-4993-9254-3007A2BE8B7C}.Debug.DLL|x86.Build.0 = Debug|Win32
		{92B8F4F1-D36D-4993-9254-3007A2BE8B7C}.Debug|x64.ActiveCfg = Debug|x64
		{92B8F4F1-D36D-4993-9254-3007A2BE8B7C}.Debug|x64.Build.0 = Debug|x64
		{92B8F4F1-D36D-4993-9254-3007A2BE8B7C}.Debug|x86.ActiveCfg = Debug|Win32
		{92B8F4F1-D36D-4993-9254-3007A2BE8B7C}.Debug|x86.Build.0 = Debug|Win32
		{92B8F4F1-D36D-4993-9254-3007A2BE8B7C}.Release.DLL|x64.ActiveCfg = Release|x64
		{92B8F4F1-D36D-4993-9254-3007A2BE8B7C}.Release.DLL|x64.Build.0 = Release|x64
		{92B8F4F1-D36D-4993-9254-3007A2BE8B7C}.Release.DLL|x86.ActiveCfg = Release|Win32
		{92B8F4F1-D36D-4993-9254-3007A2BE8B7C}.Release.DLL|x86.Build.0 = Release|Win32
		{92B8F4F1-D36D-4993-9254-3007A2BE8B7C}.Release|x64.ActiveCfg = Release|x64
		{92B8F4F1-D36D-4993-9254-3007A2BE8B7C}.Release|x64.Build.0 = Release|x64
		{92B8F4F1-D36D-4993-9254-3007A2BE8B7C}.Release|x86.ActiveCfg = Release|Win32
		{92B8F4F1-D36D-4993-9254-3007A2BE8B7C}.Release|x86.Build.0 = Release|Win32
	EndGlobalSection
	GlobalSection(SolutionProperties) = preSolution
		HideSolutionNode = FALSE
	EndGlobalSection
	GlobalSection(ExtensibilityGlobals) = postSolution
		SolutionGuid = {31BAB7FB-FE42-4F1A-98B7-388ECE115F7C}
	EndGlobalSection
EndGlobal
